hash: 562edee31d18908433ac5966bbdb70de59c74f9eb692ea063974ea7b5c8a50ee
updated: 2017-06-02T20:07:33.749349897-07:00
imports:
- name: github.com/aporeto-inc/trireme
  version: 4b8e9484300ff24b06373ecf8f005a4a72047a66
  subpackages:
  - cache
  - cmd/remoteenforcer
  - cmd/systemdutil
  - collector
  - configurator
  - constants
  - crypto
  - enforcer
  - enforcer/lookup
  - enforcer/netfilter
  - enforcer/proxy
  - enforcer/utils/nsenter
  - enforcer/utils/packet
  - enforcer/utils/pkiverifier
  - enforcer/utils/rpcwrapper
  - enforcer/utils/secrets
  - enforcer/utils/tokens
  - monitor
  - monitor/cliextractor
  - monitor/contextstore
  - monitor/dockermonitor
  - monitor/linuxmonitor
  - monitor/linuxmonitor/cgnetcls
  - monitor/rpcmonitor
  - policy
  - processmon
  - supervisor
  - supervisor/ipsetctrl
  - supervisor/iptablesctrl
  - supervisor/provider
  - supervisor/proxy
- name: github.com/bvandewalle/go-ipset
  version: 0ee897a6d8bc6095299e9c03293ece091ef871de
  subpackages:
  - ipset
- name: github.com/cnf/structhash
  version: b3c9c703a80ee58c10e2c80b60a21258818e5790
- name: github.com/coreos/go-iptables
  version: e1428ab78015bf1388229130b43d005e102da004
  subpackages:
  - iptables
- name: github.com/coreos/go-semver
  version: 5e3acbb5668c4c3deb4842615c4098eb61fb6b1e
  subpackages:
  - semver
- name: github.com/dgrijalva/jwt-go
  version: 6c8dedd55f8a2e41f605de6d5d66e51ed1f299fc
- name: github.com/docker/distribution
  version: 1e2f10eb65743fed02f573d31a4587de09afb20e
  subpackages:
  - digestset
  - reference
- name: github.com/docker/docker
  version: 092cba3727bb9b4a2f0e922cd6c0f93ea270e363
  subpackages:
  - api/types
  - api/types/blkiodev
  - api/types/container
  - api/types/events
  - api/types/filters
  - api/types/mount
  - api/types/network
  - api/types/reference
  - api/types/registry
  - api/types/strslice
  - api/types/swarm
  - api/types/time
  - api/types/versions
  - api/types/volume
  - client
  - pkg/tlsconfig
- name: github.com/docker/go-connections
  version: e15c02316c12de00874640cd76311849de2aeed5
  subpackages:
  - nat
  - sockets
  - tlsconfig
- name: github.com/docker/go-units
  version: 0dadbb0345b35ec7ef35e228dabb8de89a65bf52
- name: github.com/docopt/docopt-go
  version: 784ddc588536785e7299f7272f39101f7faccc3f
- name: github.com/go-ole/go-ole
  version: 02d3668a0cf01f58411cc85cd37c174c257ec7c2
  subpackages:
  - oleutil
- name: github.com/kardianos/osext
  version: ae77be60afb1dcacde03767a8c37337fad28ac14
- name: github.com/Microsoft/go-winio
  version: f533f7a102197536779ea3a8cb881d639e21ec5a
- name: github.com/opencontainers/go-digest
  version: eaa60544f31ccf3b0653b1a118b76d33418ff41b
- name: github.com/pkg/errors
  version: c605e284fe17294bda444b34710735b29d1a9d90
- name: github.com/shirou/gopsutil
  version: e30b7839cd6161b2fbef5f187377a345157abe04
  subpackages:
  - cpu
  - host
  - internal/common
  - mem
  - net
  - process
- name: github.com/shirou/w32
  version: bb4de0191aa41b5507caa14b0650cdbddcd9280b
- name: github.com/Sirupsen/logrus
  version: 5e5dc898656f695e2a086b8e12559febbfc01562
- name: github.com/StackExchange/wmi
  version: ea383cf3ba6ec950874b8486cd72356d007c768f
- name: go.uber.org/atomic
  version: 4e336646b2ef9fc6e47be8e21594178f98e5ebcf
- name: go.uber.org/zap
  version: fab453050a7a08c35f31fc5fff6f2dbd962285ab
  subpackages:
  - buffer
  - internal/bufferpool
  - internal/color
  - internal/exit
  - internal/multierror
  - zapcore
- name: golang.org/x/net
  version: e4fa1c5465ad6111f206fc92186b8c83d64adbe1
  subpackages:
  - bpf
  - context
  - context/ctxhttp
  - internal/iana
  - internal/socket
  - ipv4
  - proxy
- name: golang.org/x/net/proxy
  version: e4fa1c5465ad6111f206fc92186b8c83d64adbe1
- name: golang.org/x/sys
  version: b90f89a1e7a9c1f6b918820b3daa7f08488c8594
  subpackages:
  - unix
  - windows
testImports:
- name: github.com/smartystreets/goconvey
  version: d4c757aa9afd1e2fc1832aaab209b5794eb336e1
  subpackages:
  - convey
