hash: 562edee31d18908433ac5966bbdb70de59c74f9eb692ea063974ea7b5c8a50ee
updated: 2017-06-08T12:53:54.956953725-07:00
imports:
- name: github.com/aporeto-inc/nfqueue-go
  version: 9ba12afd4151821718bc3f5511b229d3ac6d3b40
- name: github.com/aporeto-inc/trireme
  version: 9d19679815303846acae5ba1b496d30c87e16b78
  subpackages:
  - cache
  - cmd/remoteenforcer
  - cmd/systemdutil
  - collector
  - configurator
  - constants
  - crypto
  - enforcer
  - enforcer/lookup
  - enforcer/proxy
  - enforcer/utils/nsenter
  - enforcer/utils/packet
  - enforcer/utils/pkiverifier
  - enforcer/utils/rpcwrapper
  - enforcer/utils/secrets
  - enforcer/utils/tokens
  - monitor
  - monitor/cliextractor
  - monitor/contextstore
  - monitor/dockermonitor
  - monitor/linuxmonitor
  - monitor/linuxmonitor/cgnetcls
  - monitor/rpcmonitor
  - policy
  - processmon
  - supervisor
  - supervisor/ipsetctrl
  - supervisor/iptablesctrl
  - supervisor/provider
  - supervisor/proxy
- name: github.com/bvandewalle/go-ipset
  version: 0ee897a6d8bc6095299e9c03293ece091ef871de
  subpackages:
  - ipset
- name: github.com/cnf/structhash
  version: b3c9c703a80ee58c10e2c80b60a21258818e5790
- name: github.com/coreos/go-iptables
  version: e1428ab78015bf1388229130b43d005e102da004
  subpackages:
  - iptables
- name: github.com/coreos/go-semver
  version: 5e3acbb5668c4c3deb4842615c4098eb61fb6b1e
  subpackages:
  - semver
- name: github.com/dgrijalva/jwt-go
  version: a539ee1a749a2b895533f979515ac7e6e0f5b650
- name: github.com/docker/distribution
  version: 1e2f10eb65743fed02f573d31a4587de09afb20e
  subpackages:
  - digestset
  - reference
- name: github.com/docker/docker
  version: 092cba3727bb9b4a2f0e922cd6c0f93ea270e363
  subpackages:
  - api/types
  - api/types/blkiodev
  - api/types/container
  - api/types/events
  - api/types/filters
  - api/types/mount
  - api/types/network
  - api/types/reference
  - api/types/registry
  - api/types/strslice
  - api/types/swarm
  - api/types/time
  - api/types/versions
  - api/types/volume
  - client
  - pkg/tlsconfig
- name: github.com/docker/go-connections
  version: e15c02316c12de00874640cd76311849de2aeed5
  subpackages:
  - nat
  - sockets
  - tlsconfig
- name: github.com/docker/go-units
  version: 0dadbb0345b35ec7ef35e228dabb8de89a65bf52
- name: github.com/docopt/docopt-go
  version: 784ddc588536785e7299f7272f39101f7faccc3f
- name: github.com/go-ole/go-ole
  version: 02d3668a0cf01f58411cc85cd37c174c257ec7c2
  subpackages:
  - oleutil
- name: github.com/kardianos/osext
  version: ae77be60afb1dcacde03767a8c37337fad28ac14
- name: github.com/Microsoft/go-winio
  version: f533f7a102197536779ea3a8cb881d639e21ec5a
- name: github.com/opencontainers/go-digest
  version: 279bed98673dd5bef374d3b6e4b09e2af76183bf
- name: github.com/pkg/errors
  version: c605e284fe17294bda444b34710735b29d1a9d90
- name: github.com/shirou/gopsutil
  version: 3dd8bd46d9a1ccbd37b3ba6e3dc1dc7d37ba8dc5
  subpackages:
  - cpu
  - host
  - internal/common
  - mem
  - net
  - process
- name: github.com/shirou/w32
  version: bb4de0191aa41b5507caa14b0650cdbddcd9280b
- name: github.com/Sirupsen/logrus
  version: 68cec9f21fbf3ea8d8f98c044bc6ce05f17b267a
- name: github.com/StackExchange/wmi
  version: ea383cf3ba6ec950874b8486cd72356d007c768f
- name: go.uber.org/atomic
  version: 4e336646b2ef9fc6e47be8e21594178f98e5ebcf
- name: go.uber.org/zap
  version: 9cabc84638b70e564c3dab2766efcb1ded2aac9f
  subpackages:
  - buffer
  - internal/bufferpool
  - internal/color
  - internal/exit
  - internal/multierror
  - zapcore
- name: golang.org/x/net
  version: 59a0b19b5533c7977ddeb86b017bf507ed407b12
  subpackages:
  - bpf
  - context
  - context/ctxhttp
  - internal/iana
  - internal/socket
  - ipv4
  - proxy
- name: golang.org/x/sys
  version: 0b25a408a50076fbbcae6b7ac0ea5fbb0b085e79
  subpackages:
  - unix
  - windows
testImports:
- name: github.com/smartystreets/goconvey
  version: d4c757aa9afd1e2fc1832aaab209b5794eb336e1
  subpackages:
  - convey
